// !$*UTF8*$!
{
	archiveVersion = 1;
	classes = {
	};
	objectVersion = 56;
	objects = {

/* Begin PBXBuildFile section */
		0506A5BE2AEFB2DA008B527A /* SimpleSetRow.swift in Sources */ = {isa = PBXBuildFile; fileRef = 0506A5BD2AEFB2DA008B527A /* SimpleSetRow.swift */; };
		0506D6032ADF2E470010D956 /* SessionView.swift in Sources */ = {isa = PBXBuildFile; fileRef = 0506D6022ADF2E470010D956 /* SessionView.swift */; };
		0506D6052ADF3A580010D956 /* ValueDescriptionBelow.swift in Sources */ = {isa = PBXBuildFile; fileRef = 0506D6042ADF3A580010D956 /* ValueDescriptionBelow.swift */; };
		051118032AE3E90300A676D4 /* NumberTextField.swift in Sources */ = {isa = PBXBuildFile; fileRef = 051118022AE3E90300A676D4 /* NumberTextField.swift */; };
		051118072AE3F8E200A676D4 /* SetDefinitionEditView.swift in Sources */ = {isa = PBXBuildFile; fileRef = 051118062AE3F8E200A676D4 /* SetDefinitionEditView.swift */; };
		0515F6F72ADDDB1900F11D3C /* SelectableRepsView.swift in Sources */ = {isa = PBXBuildFile; fileRef = 0515F6F62ADDDB1900F11D3C /* SelectableRepsView.swift */; };
		0515F6F82ADDDB1900F11D3C /* SelectableRepsView.swift in Sources */ = {isa = PBXBuildFile; fileRef = 0515F6F62ADDDB1900F11D3C /* SelectableRepsView.swift */; };
		051751582AE585BB009A88B2 /* PartialRing.swift in Sources */ = {isa = PBXBuildFile; fileRef = 051751572AE585BB009A88B2 /* PartialRing.swift */; };
		0519A12E2B1B4B6A000E7D2C /* ActiveTrainingView2.swift in Sources */ = {isa = PBXBuildFile; fileRef = 0519A12D2B1B4B6A000E7D2C /* ActiveTrainingView2.swift */; };
		0519A1302B1B524E000E7D2C /* FitnessStopwatch2.swift in Sources */ = {isa = PBXBuildFile; fileRef = 0519A12F2B1B524E000E7D2C /* FitnessStopwatch2.swift */; };
		0521C9312AED0CC300FB7BBE /* ExerciseParamsEditView.swift in Sources */ = {isa = PBXBuildFile; fileRef = 0521C9302AED0CC300FB7BBE /* ExerciseParamsEditView.swift */; };
		0521C9332AED0FCB00FB7BBE /* PossibleWeightsEditView.swift in Sources */ = {isa = PBXBuildFile; fileRef = 0521C9322AED0FCB00FB7BBE /* PossibleWeightsEditView.swift */; };
		0521C9352AED295700FB7BBE /* ExerciseParamsOverrideEditView.swift in Sources */ = {isa = PBXBuildFile; fileRef = 0521C9342AED295700FB7BBE /* ExerciseParamsOverrideEditView.swift */; };
		0521C9392AED29D200FB7BBE /* SetDefinitionOverrideEditView.swift in Sources */ = {isa = PBXBuildFile; fileRef = 0521C9382AED29D200FB7BBE /* SetDefinitionOverrideEditView.swift */; };
		0521C93B2AED2AC800FB7BBE /* PauseBehaviourEditView.swift in Sources */ = {isa = PBXBuildFile; fileRef = 0521C93A2AED2AC800FB7BBE /* PauseBehaviourEditView.swift */; };
		0521C93D2AED34E700FB7BBE /* WeightStagePicker.swift in Sources */ = {isa = PBXBuildFile; fileRef = 0521C93C2AED34E700FB7BBE /* WeightStagePicker.swift */; };
		0521C93F2AED3B3D00FB7BBE /* OptionalPauseBehaviourEditView.swift in Sources */ = {isa = PBXBuildFile; fileRef = 0521C93E2AED3B3D00FB7BBE /* OptionalPauseBehaviourEditView.swift */; };
		0521C9412AED3E1000FB7BBE /* OptionalPossibleWeightsEditView.swift in Sources */ = {isa = PBXBuildFile; fileRef = 0521C9402AED3E1000FB7BBE /* OptionalPossibleWeightsEditView.swift */; };
		0521C9432AED3EB400FB7BBE /* OptionalWeightStagePicker.swift in Sources */ = {isa = PBXBuildFile; fileRef = 0521C9422AED3EB400FB7BBE /* OptionalWeightStagePicker.swift */; };
		0521C9452AED63CD00FB7BBE /* AdditionalExtensions.swift in Sources */ = {isa = PBXBuildFile; fileRef = 0521C9442AED63CD00FB7BBE /* AdditionalExtensions.swift */; };
		052B399F2B74B26500B1E96E /* OldTraining.swift in Sources */ = {isa = PBXBuildFile; fileRef = 052B399E2B74B26500B1E96E /* OldTraining.swift */; };
		052B39A12B74B33000B1E96E /* OldExerciseParams.swift in Sources */ = {isa = PBXBuildFile; fileRef = 052B39A02B74B33000B1E96E /* OldExerciseParams.swift */; };
		052B39A32B74B36A00B1E96E /* OldExerciseParamsOverride.swift in Sources */ = {isa = PBXBuildFile; fileRef = 052B39A22B74B36A00B1E96E /* OldExerciseParamsOverride.swift */; };
		052B39A52B74B3A000B1E96E /* ParamField.swift in Sources */ = {isa = PBXBuildFile; fileRef = 052B39A42B74B3A000B1E96E /* ParamField.swift */; };
		052B39A72B74B3B500B1E96E /* OldExerciseOverrideChain.swift in Sources */ = {isa = PBXBuildFile; fileRef = 052B39A62B74B3B500B1E96E /* OldExerciseOverrideChain.swift */; };
		052B39A92B74B3EF00B1E96E /* OldExerciseDefinition.swift in Sources */ = {isa = PBXBuildFile; fileRef = 052B39A82B74B3EF00B1E96E /* OldExerciseDefinition.swift */; };
		052B39AB2B74B43F00B1E96E /* OldSetDefinition.swift in Sources */ = {isa = PBXBuildFile; fileRef = 052B39AA2B74B43F00B1E96E /* OldSetDefinition.swift */; };
		052B39AD2B74B46800B1E96E /* OldSetDefinitionOverride.swift in Sources */ = {isa = PBXBuildFile; fileRef = 052B39AC2B74B46800B1E96E /* OldSetDefinitionOverride.swift */; };
		052B39AF2B74B49100B1E96E /* OldPossibleWeights.swift in Sources */ = {isa = PBXBuildFile; fileRef = 052B39AE2B74B49100B1E96E /* OldPossibleWeights.swift */; };
		052B39B12B74B4DC00B1E96E /* OldPauseBehaviour.swift in Sources */ = {isa = PBXBuildFile; fileRef = 052B39B02B74B4DC00B1E96E /* OldPauseBehaviour.swift */; };
		052B39B32B74B4F400B1E96E /* PauseMode.swift in Sources */ = {isa = PBXBuildFile; fileRef = 052B39B22B74B4F400B1E96E /* PauseMode.swift */; };
		052B39B52B74B52700B1E96E /* OldTrainingSession.swift in Sources */ = {isa = PBXBuildFile; fileRef = 052B39B42B74B52700B1E96E /* OldTrainingSession.swift */; };
		052B39B72B74B55600B1E96E /* OldExercise.swift in Sources */ = {isa = PBXBuildFile; fileRef = 052B39B62B74B55600B1E96E /* OldExercise.swift */; };
		052B39B92B74B55D00B1E96E /* OldSet.swift in Sources */ = {isa = PBXBuildFile; fileRef = 052B39B82B74B55D00B1E96E /* OldSet.swift */; };
		052B39BB2B74B5B500B1E96E /* ChartColors.swift in Sources */ = {isa = PBXBuildFile; fileRef = 052B39BA2B74B5B500B1E96E /* ChartColors.swift */; };
		052B39BE2B74B5EA00B1E96E /* ExerciseParamsUpdateType.swift in Sources */ = {isa = PBXBuildFile; fileRef = 052B39BD2B74B5EA00B1E96E /* ExerciseParamsUpdateType.swift */; };
		052B39C02B74B60100B1E96E /* OldExerciseParamsUpdate.swift in Sources */ = {isa = PBXBuildFile; fileRef = 052B39BF2B74B60100B1E96E /* OldExerciseParamsUpdate.swift */; };
		052B39C22B74B62D00B1E96E /* OldExerciseParamsChangeAction.swift in Sources */ = {isa = PBXBuildFile; fileRef = 052B39C12B74B62D00B1E96E /* OldExerciseParamsChangeAction.swift */; };
		052B39C42B74B65100B1E96E /* OldIncreaseWeightAction.swift in Sources */ = {isa = PBXBuildFile; fileRef = 052B39C32B74B65100B1E96E /* OldIncreaseWeightAction.swift */; };
		052B39C62B74B68D00B1E96E /* HashEqCod.swift in Sources */ = {isa = PBXBuildFile; fileRef = 052B39C52B74B68D00B1E96E /* HashEqCod.swift */; };
		052B47812AE2F22800A58757 /* IntPickerView.swift in Sources */ = {isa = PBXBuildFile; fileRef = 052B47802AE2F22800A58757 /* IntPickerView.swift */; };
		052B47832AE2F45000A58757 /* DoublePickerView.swift in Sources */ = {isa = PBXBuildFile; fileRef = 052B47822AE2F45000A58757 /* DoublePickerView.swift */; };
		052B7ABC2ADDCFFC00B907EC /* ValueDescriptionAbove.swift in Sources */ = {isa = PBXBuildFile; fileRef = 052B7ABB2ADDCFFC00B907EC /* ValueDescriptionAbove.swift */; };
		0548EE9D2B761C0A00636060 /* LinePointMark.swift in Sources */ = {isa = PBXBuildFile; fileRef = 0548EE9C2B761C0A00636060 /* LinePointMark.swift */; };
		0548EEA22B761E5D00636060 /* FitnessStopwatch.swift in Sources */ = {isa = PBXBuildFile; fileRef = 059C1E4D2ADEDBF300547627 /* FitnessStopwatch.swift */; };
		0548EEA32B761E8200636060 /* AdditionalExtensions.swift in Sources */ = {isa = PBXBuildFile; fileRef = 0521C9442AED63CD00FB7BBE /* AdditionalExtensions.swift */; };
		0548EEA42B761EA600636060 /* ExerciseParamsUpdateType.swift in Sources */ = {isa = PBXBuildFile; fileRef = 052B39BD2B74B5EA00B1E96E /* ExerciseParamsUpdateType.swift */; };
		0548EEA52B761EA600636060 /* OldSetDefinitionOverride.swift in Sources */ = {isa = PBXBuildFile; fileRef = 052B39AC2B74B46800B1E96E /* OldSetDefinitionOverride.swift */; };
		0548EEA62B761EA600636060 /* FitnessStopwatch2.swift in Sources */ = {isa = PBXBuildFile; fileRef = 0519A12F2B1B524E000E7D2C /* FitnessStopwatch2.swift */; };
		0548EEA72B761EA600636060 /* HashEqCod.swift in Sources */ = {isa = PBXBuildFile; fileRef = 052B39C52B74B68D00B1E96E /* HashEqCod.swift */; };
		0548EEA82B761EA600636060 /* PauseMode.swift in Sources */ = {isa = PBXBuildFile; fileRef = 052B39B22B74B4F400B1E96E /* PauseMode.swift */; };
		0548EEA92B761EA600636060 /* OldExerciseParams.swift in Sources */ = {isa = PBXBuildFile; fileRef = 052B39A02B74B33000B1E96E /* OldExerciseParams.swift */; };
		0548EEAA2B761EA600636060 /* OldTrainingSession.swift in Sources */ = {isa = PBXBuildFile; fileRef = 052B39B42B74B52700B1E96E /* OldTrainingSession.swift */; };
		0548EEAB2B761EA600636060 /* OldIncreaseWeightAction.swift in Sources */ = {isa = PBXBuildFile; fileRef = 052B39C32B74B65100B1E96E /* OldIncreaseWeightAction.swift */; };
		0548EEAC2B761EA600636060 /* OldTraining.swift in Sources */ = {isa = PBXBuildFile; fileRef = 052B399E2B74B26500B1E96E /* OldTraining.swift */; };
		0548EEAD2B761EA600636060 /* OldSet.swift in Sources */ = {isa = PBXBuildFile; fileRef = 052B39B82B74B55D00B1E96E /* OldSet.swift */; };
		0548EEAE2B761EA600636060 /* OldExercise.swift in Sources */ = {isa = PBXBuildFile; fileRef = 052B39B62B74B55600B1E96E /* OldExercise.swift */; };
		0548EEAF2B761EA600636060 /* OldExerciseParamsUpdate.swift in Sources */ = {isa = PBXBuildFile; fileRef = 052B39BF2B74B60100B1E96E /* OldExerciseParamsUpdate.swift */; };
		0548EEB02B761EA600636060 /* OldSetDefinition.swift in Sources */ = {isa = PBXBuildFile; fileRef = 052B39AA2B74B43F00B1E96E /* OldSetDefinition.swift */; };
		0548EEB12B761EA600636060 /* OldPossibleWeights.swift in Sources */ = {isa = PBXBuildFile; fileRef = 052B39AE2B74B49100B1E96E /* OldPossibleWeights.swift */; };
		0548EEB22B761EA600636060 /* OldExerciseParamsChangeAction.swift in Sources */ = {isa = PBXBuildFile; fileRef = 052B39C12B74B62D00B1E96E /* OldExerciseParamsChangeAction.swift */; };
		0548EEB32B761EA600636060 /* OldExerciseParamsOverride.swift in Sources */ = {isa = PBXBuildFile; fileRef = 052B39A22B74B36A00B1E96E /* OldExerciseParamsOverride.swift */; };
		0548EEB42B761EA600636060 /* OldExerciseOverrideChain.swift in Sources */ = {isa = PBXBuildFile; fileRef = 052B39A62B74B3B500B1E96E /* OldExerciseOverrideChain.swift */; };
		0548EEB52B761EA600636060 /* OldPauseBehaviour.swift in Sources */ = {isa = PBXBuildFile; fileRef = 052B39B02B74B4DC00B1E96E /* OldPauseBehaviour.swift */; };
		0548EEB62B761EA600636060 /* OldExerciseDefinition.swift in Sources */ = {isa = PBXBuildFile; fileRef = 052B39A82B74B3EF00B1E96E /* OldExerciseDefinition.swift */; };
		0548EEB72B761EA600636060 /* ParamField.swift in Sources */ = {isa = PBXBuildFile; fileRef = 052B39A42B74B3A000B1E96E /* ParamField.swift */; };
		0548EEB82B761EB400636060 /* ValueDescriptionAbove.swift in Sources */ = {isa = PBXBuildFile; fileRef = 052B7ABB2ADDCFFC00B907EC /* ValueDescriptionAbove.swift */; };
		0548EEB92B761EB800636060 /* ValueDescriptionBelow.swift in Sources */ = {isa = PBXBuildFile; fileRef = 0506D6042ADF3A580010D956 /* ValueDescriptionBelow.swift */; };
		056892892AE07ED5002084C9 /* OldTrainingStore.swift in Sources */ = {isa = PBXBuildFile; fileRef = 056892882AE07ED5002084C9 /* OldTrainingStore.swift */; };
		0568928B2AE08011002084C9 /* ErrorWrapper.swift in Sources */ = {isa = PBXBuildFile; fileRef = 0568928A2AE08011002084C9 /* ErrorWrapper.swift */; };
		0568928D2AE08027002084C9 /* ErrorView.swift in Sources */ = {isa = PBXBuildFile; fileRef = 0568928C2AE08027002084C9 /* ErrorView.swift */; };
		0568928F2AE08381002084C9 /* TrainingEditView.swift in Sources */ = {isa = PBXBuildFile; fileRef = 0568928E2AE08381002084C9 /* TrainingEditView.swift */; };
		056892932AE08E09002084C9 /* SliderStepperView.swift in Sources */ = {isa = PBXBuildFile; fileRef = 056892922AE08E09002084C9 /* SliderStepperView.swift */; };
		056892952AE09B46002084C9 /* NewTrainingSheet.swift in Sources */ = {isa = PBXBuildFile; fileRef = 056892942AE09B46002084C9 /* NewTrainingSheet.swift */; };
		056B10302AE3FE7E00FE80EC /* IntTextField.swift in Sources */ = {isa = PBXBuildFile; fileRef = 056B102F2AE3FE7E00FE80EC /* IntTextField.swift */; };
		0577BCCD2ADDC43A000991CD /* FitnessTrackerApp.swift in Sources */ = {isa = PBXBuildFile; fileRef = 0577BCCC2ADDC43A000991CD /* FitnessTrackerApp.swift */; };
		0577BCCF2ADDC43A000991CD /* StartView.swift in Sources */ = {isa = PBXBuildFile; fileRef = 0577BCCE2ADDC43A000991CD /* StartView.swift */; };
		0577BCD12ADDC43F000991CD /* Assets.xcassets in Resources */ = {isa = PBXBuildFile; fileRef = 0577BCD02ADDC43F000991CD /* Assets.xcassets */; };
		0577BCD42ADDC43F000991CD /* Preview Assets.xcassets in Resources */ = {isa = PBXBuildFile; fileRef = 0577BCD32ADDC43F000991CD /* Preview Assets.xcassets */; };
		0577BCDB2ADDC664000991CD /* ActiveTrainingView.swift in Sources */ = {isa = PBXBuildFile; fileRef = 0577BCDA2ADDC664000991CD /* ActiveTrainingView.swift */; };
		0577BCE32ADDC806000991CD /* WidgetKit.framework in Frameworks */ = {isa = PBXBuildFile; fileRef = 0577BCE22ADDC806000991CD /* WidgetKit.framework */; };
		0577BCE52ADDC806000991CD /* SwiftUI.framework in Frameworks */ = {isa = PBXBuildFile; fileRef = 0577BCE42ADDC806000991CD /* SwiftUI.framework */; };
		0577BCE82ADDC806000991CD /* FitnessWidgetBundle.swift in Sources */ = {isa = PBXBuildFile; fileRef = 0577BCE72ADDC806000991CD /* FitnessWidgetBundle.swift */; };
		0577BCEA2ADDC806000991CD /* FitnessWidgetLiveActivity.swift in Sources */ = {isa = PBXBuildFile; fileRef = 0577BCE92ADDC806000991CD /* FitnessWidgetLiveActivity.swift */; };
		0577BCEC2ADDC806000991CD /* FitnessWidget.swift in Sources */ = {isa = PBXBuildFile; fileRef = 0577BCEB2ADDC806000991CD /* FitnessWidget.swift */; };
		0577BCEE2ADDC809000991CD /* Assets.xcassets in Resources */ = {isa = PBXBuildFile; fileRef = 0577BCED2ADDC809000991CD /* Assets.xcassets */; };
		0577BCF22ADDC809000991CD /* FitnessLiveActivityExtension.appex in Embed Foundation Extensions */ = {isa = PBXBuildFile; fileRef = 0577BCE02ADDC806000991CD /* FitnessLiveActivityExtension.appex */; settings = {ATTRIBUTES = (RemoveHeadersOnCopy, ); }; };
		0579D5B02AE2663A00E25002 /* RepSubmitButton.swift in Sources */ = {isa = PBXBuildFile; fileRef = 0579D5AF2AE2663A00E25002 /* RepSubmitButton.swift */; };
		0579D5B12AE2663A00E25002 /* RepSubmitButton.swift in Sources */ = {isa = PBXBuildFile; fileRef = 0579D5AF2AE2663A00E25002 /* RepSubmitButton.swift */; };
		059B6E6B2AEA4E0600156FDA /* ExerciseEditView.swift in Sources */ = {isa = PBXBuildFile; fileRef = 059B6E6A2AEA4E0600156FDA /* ExerciseEditView.swift */; };
		059B6E6F2AEA66FE00156FDA /* NewExerciseView.swift in Sources */ = {isa = PBXBuildFile; fileRef = 059B6E6E2AEA66FE00156FDA /* NewExerciseView.swift */; };
		059C1E4E2ADEDBF300547627 /* FitnessStopwatch.swift in Sources */ = {isa = PBXBuildFile; fileRef = 059C1E4D2ADEDBF300547627 /* FitnessStopwatch.swift */; };
		05A4306A2B18963800832072 /* TestView.swift in Sources */ = {isa = PBXBuildFile; fileRef = 05A430692B18963800832072 /* TestView.swift */; };
		05B332C12AF117E7005BD011 /* FitnessWidgetLiveActivity.swift in Sources */ = {isa = PBXBuildFile; fileRef = 0577BCE92ADDC806000991CD /* FitnessWidgetLiveActivity.swift */; };
		05BEB01A2AF689EF00C34B70 /* ExerciseChart.swift in Sources */ = {isa = PBXBuildFile; fileRef = 05BEB0192AF689EF00C34B70 /* ExerciseChart.swift */; };
		05C50B852ADEFBAB008E6AAB /* TrainingsView.swift in Sources */ = {isa = PBXBuildFile; fileRef = 05C50B842ADEFBAB008E6AAB /* TrainingsView.swift */; };
		05C50B872ADEFDF5008E6AAB /* TrainingListItem.swift in Sources */ = {isa = PBXBuildFile; fileRef = 05C50B862ADEFDF5008E6AAB /* TrainingListItem.swift */; };
		05C50B892ADF0458008E6AAB /* TrainingDetailView.swift in Sources */ = {isa = PBXBuildFile; fileRef = 05C50B882ADF0458008E6AAB /* TrainingDetailView.swift */; };
		05C6E41C2B60141600343C58 /* UpdateTargetsView.swift in Sources */ = {isa = PBXBuildFile; fileRef = 05C6E41B2B60141600343C58 /* UpdateTargetsView.swift */; };
		05C90B8C2ADDCC9C0091F51E /* AppIntent.swift in Sources */ = {isa = PBXBuildFile; fileRef = 05C90B8B2ADDCC9C0091F51E /* AppIntent.swift */; };
		05C90B8D2ADDCC9C0091F51E /* AppIntent.swift in Sources */ = {isa = PBXBuildFile; fileRef = 05C90B8B2ADDCC9C0091F51E /* AppIntent.swift */; };
		05CA21F82AE13AA300DC9A96 /* InfoField.swift in Sources */ = {isa = PBXBuildFile; fileRef = 05CA21F72AE13AA300DC9A96 /* InfoField.swift */; };
		05D13BF22B8AA4160088221B /* Set.swift in Sources */ = {isa = PBXBuildFile; fileRef = 05D13BF12B8AA4160088221B /* Set.swift */; };
		05D13BF32B8AA4160088221B /* Set.swift in Sources */ = {isa = PBXBuildFile; fileRef = 05D13BF12B8AA4160088221B /* Set.swift */; };
		05D13BF52B8AA4660088221B /* Exercise.swift in Sources */ = {isa = PBXBuildFile; fileRef = 05D13BF42B8AA4660088221B /* Exercise.swift */; };
		05D13BF62B8AA4660088221B /* Exercise.swift in Sources */ = {isa = PBXBuildFile; fileRef = 05D13BF42B8AA4660088221B /* Exercise.swift */; };
		05D13BF82B8AA55B0088221B /* TrainingSession.swift in Sources */ = {isa = PBXBuildFile; fileRef = 05D13BF72B8AA55B0088221B /* TrainingSession.swift */; };
		05D13BF92B8AA55B0088221B /* TrainingSession.swift in Sources */ = {isa = PBXBuildFile; fileRef = 05D13BF72B8AA55B0088221B /* TrainingSession.swift */; };
		05D1D5AA2AF40C8A00BCEDE5 /* StatsView.swift in Sources */ = {isa = PBXBuildFile; fileRef = 05D1D5A92AF40C8A00BCEDE5 /* StatsView.swift */; };
		05D1D5AC2AF40CC800BCEDE5 /* TrainingStatsView.swift in Sources */ = {isa = PBXBuildFile; fileRef = 05D1D5AB2AF40CC800BCEDE5 /* TrainingStatsView.swift */; };
		05DCE9732B8B346C00A6A047 /* SetDefinition.swift in Sources */ = {isa = PBXBuildFile; fileRef = 05DCE9722B8B346C00A6A047 /* SetDefinition.swift */; };
		05DCE9742B8B346C00A6A047 /* SetDefinition.swift in Sources */ = {isa = PBXBuildFile; fileRef = 05DCE9722B8B346C00A6A047 /* SetDefinition.swift */; };
		05DCE9762B8B349300A6A047 /* PauseBehaviour.swift in Sources */ = {isa = PBXBuildFile; fileRef = 05DCE9752B8B349300A6A047 /* PauseBehaviour.swift */; };
		05DCE9772B8B349300A6A047 /* PauseBehaviour.swift in Sources */ = {isa = PBXBuildFile; fileRef = 05DCE9752B8B349300A6A047 /* PauseBehaviour.swift */; };
		05DCE9792B8B351900A6A047 /* PossibleWeights.swift in Sources */ = {isa = PBXBuildFile; fileRef = 05DCE9782B8B351900A6A047 /* PossibleWeights.swift */; };
		05DCE97A2B8B351900A6A047 /* PossibleWeights.swift in Sources */ = {isa = PBXBuildFile; fileRef = 05DCE9782B8B351900A6A047 /* PossibleWeights.swift */; };
		05DCE97C2B8B357F00A6A047 /* SetDefinitionOverride.swift in Sources */ = {isa = PBXBuildFile; fileRef = 05DCE97B2B8B357F00A6A047 /* SetDefinitionOverride.swift */; };
		05DCE97D2B8B357F00A6A047 /* SetDefinitionOverride.swift in Sources */ = {isa = PBXBuildFile; fileRef = 05DCE97B2B8B357F00A6A047 /* SetDefinitionOverride.swift */; };
		05DCE97F2B8B362400A6A047 /* ExerciseDefinition.swift in Sources */ = {isa = PBXBuildFile; fileRef = 05DCE97E2B8B362400A6A047 /* ExerciseDefinition.swift */; };
		05DCE9802B8B362400A6A047 /* ExerciseDefinition.swift in Sources */ = {isa = PBXBuildFile; fileRef = 05DCE97E2B8B362400A6A047 /* ExerciseDefinition.swift */; };
		05DCE9822B8B386300A6A047 /* ExerciseParams.swift in Sources */ = {isa = PBXBuildFile; fileRef = 05DCE9812B8B386300A6A047 /* ExerciseParams.swift */; };
		05DCE9832B8B386300A6A047 /* ExerciseParams.swift in Sources */ = {isa = PBXBuildFile; fileRef = 05DCE9812B8B386300A6A047 /* ExerciseParams.swift */; };
		05DCE9852B8B389000A6A047 /* ExerciseParamsOverride.swift in Sources */ = {isa = PBXBuildFile; fileRef = 05DCE9842B8B389000A6A047 /* ExerciseParamsOverride.swift */; };
		05DCE9862B8B389000A6A047 /* ExerciseParamsOverride.swift in Sources */ = {isa = PBXBuildFile; fileRef = 05DCE9842B8B389000A6A047 /* ExerciseParamsOverride.swift */; };
		05DCE9882B8B38F800A6A047 /* ExerciseOverrideChain.swift in Sources */ = {isa = PBXBuildFile; fileRef = 05DCE9872B8B38F800A6A047 /* ExerciseOverrideChain.swift */; };
		05DCE9892B8B38F800A6A047 /* ExerciseOverrideChain.swift in Sources */ = {isa = PBXBuildFile; fileRef = 05DCE9872B8B38F800A6A047 /* ExerciseOverrideChain.swift */; };
		05DCE98B2B8B392500A6A047 /* Training.swift in Sources */ = {isa = PBXBuildFile; fileRef = 05DCE98A2B8B392500A6A047 /* Training.swift */; };
		05DCE98C2B8B392500A6A047 /* Training.swift in Sources */ = {isa = PBXBuildFile; fileRef = 05DCE98A2B8B392500A6A047 /* Training.swift */; };
		05F1F4412B35A670006BB9A0 /* StopwatchTimeView.swift in Sources */ = {isa = PBXBuildFile; fileRef = 05F1F4402B35A670006BB9A0 /* StopwatchTimeView.swift */; };
		05F1F4422B35A670006BB9A0 /* StopwatchTimeView.swift in Sources */ = {isa = PBXBuildFile; fileRef = 05F1F4402B35A670006BB9A0 /* StopwatchTimeView.swift */; };
		05F5968B2AF3DE320078A725 /* ExerciseListItem.swift in Sources */ = {isa = PBXBuildFile; fileRef = 05F5968A2AF3DE320078A725 /* ExerciseListItem.swift */; };
/* End PBXBuildFile section */

/* Begin PBXContainerItemProxy section */
		0577BCF02ADDC809000991CD /* PBXContainerItemProxy */ = {
			isa = PBXContainerItemProxy;
			containerPortal = 0577BCC12ADDC43A000991CD /* Project object */;
			proxyType = 1;
			remoteGlobalIDString = 0577BCDF2ADDC806000991CD;
			remoteInfo = FitnessLiveActivityExtension;
		};
/* End PBXContainerItemProxy section */

/* Begin PBXCopyFilesBuildPhase section */
		0577BCF62ADDC809000991CD /* Embed Foundation Extensions */ = {
			isa = PBXCopyFilesBuildPhase;
			buildActionMask = 12;
			dstPath = "";
			dstSubfolderSpec = 13;
			files = (
				0577BCF22ADDC809000991CD /* FitnessLiveActivityExtension.appex in Embed Foundation Extensions */,
			);
			name = "Embed Foundation Extensions";
			runOnlyForDeploymentPostprocessing = 0;
		};
/* End PBXCopyFilesBuildPhase section */

/* Begin PBXFileReference section */
		0506A5BD2AEFB2DA008B527A /* SimpleSetRow.swift */ = {isa = PBXFileReference; lastKnownFileType = sourcecode.swift; path = SimpleSetRow.swift; sourceTree = "<group>"; };
		0506D6022ADF2E470010D956 /* SessionView.swift */ = {isa = PBXFileReference; lastKnownFileType = sourcecode.swift; path = SessionView.swift; sourceTree = "<group>"; };
		0506D6042ADF3A580010D956 /* ValueDescriptionBelow.swift */ = {isa = PBXFileReference; lastKnownFileType = sourcecode.swift; path = ValueDescriptionBelow.swift; sourceTree = "<group>"; };
		051118022AE3E90300A676D4 /* NumberTextField.swift */ = {isa = PBXFileReference; lastKnownFileType = sourcecode.swift; path = NumberTextField.swift; sourceTree = "<group>"; };
		051118062AE3F8E200A676D4 /* SetDefinitionEditView.swift */ = {isa = PBXFileReference; lastKnownFileType = sourcecode.swift; path = SetDefinitionEditView.swift; sourceTree = "<group>"; };
		0515F6F62ADDDB1900F11D3C /* SelectableRepsView.swift */ = {isa = PBXFileReference; lastKnownFileType = sourcecode.swift; path = SelectableRepsView.swift; sourceTree = "<group>"; };
		051751572AE585BB009A88B2 /* PartialRing.swift */ = {isa = PBXFileReference; lastKnownFileType = sourcecode.swift; path = PartialRing.swift; sourceTree = "<group>"; };
		0519A12D2B1B4B6A000E7D2C /* ActiveTrainingView2.swift */ = {isa = PBXFileReference; lastKnownFileType = sourcecode.swift; path = ActiveTrainingView2.swift; sourceTree = "<group>"; };
		0519A12F2B1B524E000E7D2C /* FitnessStopwatch2.swift */ = {isa = PBXFileReference; lastKnownFileType = sourcecode.swift; path = FitnessStopwatch2.swift; sourceTree = "<group>"; };
		0521C9302AED0CC300FB7BBE /* ExerciseParamsEditView.swift */ = {isa = PBXFileReference; lastKnownFileType = sourcecode.swift; path = ExerciseParamsEditView.swift; sourceTree = "<group>"; };
		0521C9322AED0FCB00FB7BBE /* PossibleWeightsEditView.swift */ = {isa = PBXFileReference; lastKnownFileType = sourcecode.swift; path = PossibleWeightsEditView.swift; sourceTree = "<group>"; };
		0521C9342AED295700FB7BBE /* ExerciseParamsOverrideEditView.swift */ = {isa = PBXFileReference; lastKnownFileType = sourcecode.swift; path = ExerciseParamsOverrideEditView.swift; sourceTree = "<group>"; };
		0521C9382AED29D200FB7BBE /* SetDefinitionOverrideEditView.swift */ = {isa = PBXFileReference; lastKnownFileType = sourcecode.swift; path = SetDefinitionOverrideEditView.swift; sourceTree = "<group>"; };
		0521C93A2AED2AC800FB7BBE /* PauseBehaviourEditView.swift */ = {isa = PBXFileReference; lastKnownFileType = sourcecode.swift; path = PauseBehaviourEditView.swift; sourceTree = "<group>"; };
		0521C93C2AED34E700FB7BBE /* WeightStagePicker.swift */ = {isa = PBXFileReference; lastKnownFileType = sourcecode.swift; path = WeightStagePicker.swift; sourceTree = "<group>"; };
		0521C93E2AED3B3D00FB7BBE /* OptionalPauseBehaviourEditView.swift */ = {isa = PBXFileReference; lastKnownFileType = sourcecode.swift; path = OptionalPauseBehaviourEditView.swift; sourceTree = "<group>"; };
		0521C9402AED3E1000FB7BBE /* OptionalPossibleWeightsEditView.swift */ = {isa = PBXFileReference; lastKnownFileType = sourcecode.swift; path = OptionalPossibleWeightsEditView.swift; sourceTree = "<group>"; };
		0521C9422AED3EB400FB7BBE /* OptionalWeightStagePicker.swift */ = {isa = PBXFileReference; lastKnownFileType = sourcecode.swift; path = OptionalWeightStagePicker.swift; sourceTree = "<group>"; };
		0521C9442AED63CD00FB7BBE /* AdditionalExtensions.swift */ = {isa = PBXFileReference; lastKnownFileType = sourcecode.swift; path = AdditionalExtensions.swift; sourceTree = "<group>"; };
		052B399E2B74B26500B1E96E /* OldTraining.swift */ = {isa = PBXFileReference; lastKnownFileType = sourcecode.swift; path = OldTraining.swift; sourceTree = "<group>"; };
		052B39A02B74B33000B1E96E /* OldExerciseParams.swift */ = {isa = PBXFileReference; lastKnownFileType = sourcecode.swift; path = OldExerciseParams.swift; sourceTree = "<group>"; };
		052B39A22B74B36A00B1E96E /* OldExerciseParamsOverride.swift */ = {isa = PBXFileReference; lastKnownFileType = sourcecode.swift; path = OldExerciseParamsOverride.swift; sourceTree = "<group>"; };
		052B39A42B74B3A000B1E96E /* ParamField.swift */ = {isa = PBXFileReference; lastKnownFileType = sourcecode.swift; path = ParamField.swift; sourceTree = "<group>"; };
		052B39A62B74B3B500B1E96E /* OldExerciseOverrideChain.swift */ = {isa = PBXFileReference; lastKnownFileType = sourcecode.swift; path = OldExerciseOverrideChain.swift; sourceTree = "<group>"; };
		052B39A82B74B3EF00B1E96E /* OldExerciseDefinition.swift */ = {isa = PBXFileReference; lastKnownFileType = sourcecode.swift; path = OldExerciseDefinition.swift; sourceTree = "<group>"; };
		052B39AA2B74B43F00B1E96E /* OldSetDefinition.swift */ = {isa = PBXFileReference; lastKnownFileType = sourcecode.swift; path = OldSetDefinition.swift; sourceTree = "<group>"; };
		052B39AC2B74B46800B1E96E /* OldSetDefinitionOverride.swift */ = {isa = PBXFileReference; lastKnownFileType = sourcecode.swift; path = OldSetDefinitionOverride.swift; sourceTree = "<group>"; };
		052B39AE2B74B49100B1E96E /* OldPossibleWeights.swift */ = {isa = PBXFileReference; lastKnownFileType = sourcecode.swift; path = OldPossibleWeights.swift; sourceTree = "<group>"; };
		052B39B02B74B4DC00B1E96E /* OldPauseBehaviour.swift */ = {isa = PBXFileReference; lastKnownFileType = sourcecode.swift; path = OldPauseBehaviour.swift; sourceTree = "<group>"; };
		052B39B22B74B4F400B1E96E /* PauseMode.swift */ = {isa = PBXFileReference; lastKnownFileType = sourcecode.swift; path = PauseMode.swift; sourceTree = "<group>"; };
		052B39B42B74B52700B1E96E /* OldTrainingSession.swift */ = {isa = PBXFileReference; lastKnownFileType = sourcecode.swift; path = OldTrainingSession.swift; sourceTree = "<group>"; };
		052B39B62B74B55600B1E96E /* OldExercise.swift */ = {isa = PBXFileReference; lastKnownFileType = sourcecode.swift; path = OldExercise.swift; sourceTree = "<group>"; };
		052B39B82B74B55D00B1E96E /* OldSet.swift */ = {isa = PBXFileReference; lastKnownFileType = sourcecode.swift; path = OldSet.swift; sourceTree = "<group>"; };
		052B39BA2B74B5B500B1E96E /* ChartColors.swift */ = {isa = PBXFileReference; lastKnownFileType = sourcecode.swift; path = ChartColors.swift; sourceTree = "<group>"; };
		052B39BD2B74B5EA00B1E96E /* ExerciseParamsUpdateType.swift */ = {isa = PBXFileReference; lastKnownFileType = sourcecode.swift; path = ExerciseParamsUpdateType.swift; sourceTree = "<group>"; };
		052B39BF2B74B60100B1E96E /* OldExerciseParamsUpdate.swift */ = {isa = PBXFileReference; lastKnownFileType = sourcecode.swift; path = OldExerciseParamsUpdate.swift; sourceTree = "<group>"; };
		052B39C12B74B62D00B1E96E /* OldExerciseParamsChangeAction.swift */ = {isa = PBXFileReference; lastKnownFileType = sourcecode.swift; path = OldExerciseParamsChangeAction.swift; sourceTree = "<group>"; };
		052B39C32B74B65100B1E96E /* OldIncreaseWeightAction.swift */ = {isa = PBXFileReference; lastKnownFileType = sourcecode.swift; path = OldIncreaseWeightAction.swift; sourceTree = "<group>"; };
		052B39C52B74B68D00B1E96E /* HashEqCod.swift */ = {isa = PBXFileReference; lastKnownFileType = sourcecode.swift; path = HashEqCod.swift; sourceTree = "<group>"; };
		052B47802AE2F22800A58757 /* IntPickerView.swift */ = {isa = PBXFileReference; lastKnownFileType = sourcecode.swift; path = IntPickerView.swift; sourceTree = "<group>"; };
		052B47822AE2F45000A58757 /* DoublePickerView.swift */ = {isa = PBXFileReference; lastKnownFileType = sourcecode.swift; path = DoublePickerView.swift; sourceTree = "<group>"; };
		052B7ABB2ADDCFFC00B907EC /* ValueDescriptionAbove.swift */ = {isa = PBXFileReference; lastKnownFileType = sourcecode.swift; path = ValueDescriptionAbove.swift; sourceTree = "<group>"; };
		0548EE9C2B761C0A00636060 /* LinePointMark.swift */ = {isa = PBXFileReference; lastKnownFileType = sourcecode.swift; path = LinePointMark.swift; sourceTree = "<group>"; };
		056892882AE07ED5002084C9 /* OldTrainingStore.swift */ = {isa = PBXFileReference; lastKnownFileType = sourcecode.swift; path = OldTrainingStore.swift; sourceTree = "<group>"; };
		0568928A2AE08011002084C9 /* ErrorWrapper.swift */ = {isa = PBXFileReference; lastKnownFileType = sourcecode.swift; path = ErrorWrapper.swift; sourceTree = "<group>"; };
		0568928C2AE08027002084C9 /* ErrorView.swift */ = {isa = PBXFileReference; lastKnownFileType = sourcecode.swift; path = ErrorView.swift; sourceTree = "<group>"; };
		0568928E2AE08381002084C9 /* TrainingEditView.swift */ = {isa = PBXFileReference; lastKnownFileType = sourcecode.swift; path = TrainingEditView.swift; sourceTree = "<group>"; };
		056892922AE08E09002084C9 /* SliderStepperView.swift */ = {isa = PBXFileReference; lastKnownFileType = sourcecode.swift; path = SliderStepperView.swift; sourceTree = "<group>"; };
		056892942AE09B46002084C9 /* NewTrainingSheet.swift */ = {isa = PBXFileReference; lastKnownFileType = sourcecode.swift; path = NewTrainingSheet.swift; sourceTree = "<group>"; };
		056B102F2AE3FE7E00FE80EC /* IntTextField.swift */ = {isa = PBXFileReference; lastKnownFileType = sourcecode.swift; path = IntTextField.swift; sourceTree = "<group>"; };
		0577BCC92ADDC43A000991CD /* FitnessTracker.app */ = {isa = PBXFileReference; explicitFileType = wrapper.application; includeInIndex = 0; path = FitnessTracker.app; sourceTree = BUILT_PRODUCTS_DIR; };
		0577BCCC2ADDC43A000991CD /* FitnessTrackerApp.swift */ = {isa = PBXFileReference; lastKnownFileType = sourcecode.swift; path = FitnessTrackerApp.swift; sourceTree = "<group>"; };
		0577BCCE2ADDC43A000991CD /* StartView.swift */ = {isa = PBXFileReference; lastKnownFileType = sourcecode.swift; path = StartView.swift; sourceTree = "<group>"; };
		0577BCD02ADDC43F000991CD /* Assets.xcassets */ = {isa = PBXFileReference; lastKnownFileType = folder.assetcatalog; path = Assets.xcassets; sourceTree = "<group>"; };
		0577BCD32ADDC43F000991CD /* Preview Assets.xcassets */ = {isa = PBXFileReference; lastKnownFileType = folder.assetcatalog; path = "Preview Assets.xcassets"; sourceTree = "<group>"; };
		0577BCDA2ADDC664000991CD /* ActiveTrainingView.swift */ = {isa = PBXFileReference; lastKnownFileType = sourcecode.swift; path = ActiveTrainingView.swift; sourceTree = "<group>"; };
		0577BCE02ADDC806000991CD /* FitnessLiveActivityExtension.appex */ = {isa = PBXFileReference; explicitFileType = "wrapper.app-extension"; includeInIndex = 0; path = FitnessLiveActivityExtension.appex; sourceTree = BUILT_PRODUCTS_DIR; };
		0577BCE22ADDC806000991CD /* WidgetKit.framework */ = {isa = PBXFileReference; lastKnownFileType = wrapper.framework; name = WidgetKit.framework; path = System/Library/Frameworks/WidgetKit.framework; sourceTree = SDKROOT; };
		0577BCE42ADDC806000991CD /* SwiftUI.framework */ = {isa = PBXFileReference; lastKnownFileType = wrapper.framework; name = SwiftUI.framework; path = System/Library/Frameworks/SwiftUI.framework; sourceTree = SDKROOT; };
		0577BCE72ADDC806000991CD /* FitnessWidgetBundle.swift */ = {isa = PBXFileReference; lastKnownFileType = sourcecode.swift; path = FitnessWidgetBundle.swift; sourceTree = "<group>"; };
		0577BCE92ADDC806000991CD /* FitnessWidgetLiveActivity.swift */ = {isa = PBXFileReference; lastKnownFileType = sourcecode.swift; path = FitnessWidgetLiveActivity.swift; sourceTree = "<group>"; };
		0577BCEB2ADDC806000991CD /* FitnessWidget.swift */ = {isa = PBXFileReference; lastKnownFileType = sourcecode.swift; path = FitnessWidget.swift; sourceTree = "<group>"; };
		0577BCED2ADDC809000991CD /* Assets.xcassets */ = {isa = PBXFileReference; lastKnownFileType = folder.assetcatalog; path = Assets.xcassets; sourceTree = "<group>"; };
		0577BCEF2ADDC809000991CD /* Info.plist */ = {isa = PBXFileReference; lastKnownFileType = text.plist.xml; path = Info.plist; sourceTree = "<group>"; };
		0579A8FB2AE59B7400ABDC27 /* Info.plist */ = {isa = PBXFileReference; lastKnownFileType = text.plist; path = Info.plist; sourceTree = "<group>"; };
		0579D5AF2AE2663A00E25002 /* RepSubmitButton.swift */ = {isa = PBXFileReference; lastKnownFileType = sourcecode.swift; path = RepSubmitButton.swift; sourceTree = "<group>"; };
		059B6E6A2AEA4E0600156FDA /* ExerciseEditView.swift */ = {isa = PBXFileReference; lastKnownFileType = sourcecode.swift; path = ExerciseEditView.swift; sourceTree = "<group>"; };
		059B6E6E2AEA66FE00156FDA /* NewExerciseView.swift */ = {isa = PBXFileReference; lastKnownFileType = sourcecode.swift; path = NewExerciseView.swift; sourceTree = "<group>"; };
		059C1E4D2ADEDBF300547627 /* FitnessStopwatch.swift */ = {isa = PBXFileReference; lastKnownFileType = sourcecode.swift; path = FitnessStopwatch.swift; sourceTree = "<group>"; };
		05A430692B18963800832072 /* TestView.swift */ = {isa = PBXFileReference; lastKnownFileType = sourcecode.swift; path = TestView.swift; sourceTree = "<group>"; };
		05BEB0192AF689EF00C34B70 /* ExerciseChart.swift */ = {isa = PBXFileReference; lastKnownFileType = sourcecode.swift; path = ExerciseChart.swift; sourceTree = "<group>"; };
		05C50B842ADEFBAB008E6AAB /* TrainingsView.swift */ = {isa = PBXFileReference; lastKnownFileType = sourcecode.swift; path = TrainingsView.swift; sourceTree = "<group>"; };
		05C50B862ADEFDF5008E6AAB /* TrainingListItem.swift */ = {isa = PBXFileReference; lastKnownFileType = sourcecode.swift; path = TrainingListItem.swift; sourceTree = "<group>"; };
		05C50B882ADF0458008E6AAB /* TrainingDetailView.swift */ = {isa = PBXFileReference; lastKnownFileType = sourcecode.swift; path = TrainingDetailView.swift; sourceTree = "<group>"; };
		05C6E41B2B60141600343C58 /* UpdateTargetsView.swift */ = {isa = PBXFileReference; lastKnownFileType = sourcecode.swift; path = UpdateTargetsView.swift; sourceTree = "<group>"; };
		05C90B8B2ADDCC9C0091F51E /* AppIntent.swift */ = {isa = PBXFileReference; lastKnownFileType = sourcecode.swift; path = AppIntent.swift; sourceTree = "<group>"; };
		05CA21F72AE13AA300DC9A96 /* InfoField.swift */ = {isa = PBXFileReference; lastKnownFileType = sourcecode.swift; path = InfoField.swift; sourceTree = "<group>"; };
		05D13BF12B8AA4160088221B /* Set.swift */ = {isa = PBXFileReference; lastKnownFileType = sourcecode.swift; path = Set.swift; sourceTree = "<group>"; };
		05D13BF42B8AA4660088221B /* Exercise.swift */ = {isa = PBXFileReference; lastKnownFileType = sourcecode.swift; path = Exercise.swift; sourceTree = "<group>"; };
		05D13BF72B8AA55B0088221B /* TrainingSession.swift */ = {isa = PBXFileReference; lastKnownFileType = sourcecode.swift; path = TrainingSession.swift; sourceTree = "<group>"; };
		05D1D5A92AF40C8A00BCEDE5 /* StatsView.swift */ = {isa = PBXFileReference; lastKnownFileType = sourcecode.swift; path = StatsView.swift; sourceTree = "<group>"; };
		05D1D5AB2AF40CC800BCEDE5 /* TrainingStatsView.swift */ = {isa = PBXFileReference; lastKnownFileType = sourcecode.swift; path = TrainingStatsView.swift; sourceTree = "<group>"; };
		05DCE9722B8B346C00A6A047 /* SetDefinition.swift */ = {isa = PBXFileReference; lastKnownFileType = sourcecode.swift; path = SetDefinition.swift; sourceTree = "<group>"; };
		05DCE9752B8B349300A6A047 /* PauseBehaviour.swift */ = {isa = PBXFileReference; lastKnownFileType = sourcecode.swift; path = PauseBehaviour.swift; sourceTree = "<group>"; };
		05DCE9782B8B351900A6A047 /* PossibleWeights.swift */ = {isa = PBXFileReference; lastKnownFileType = sourcecode.swift; path = PossibleWeights.swift; sourceTree = "<group>"; };
		05DCE97B2B8B357F00A6A047 /* SetDefinitionOverride.swift */ = {isa = PBXFileReference; lastKnownFileType = sourcecode.swift; path = SetDefinitionOverride.swift; sourceTree = "<group>"; };
		05DCE97E2B8B362400A6A047 /* ExerciseDefinition.swift */ = {isa = PBXFileReference; lastKnownFileType = sourcecode.swift; path = ExerciseDefinition.swift; sourceTree = "<group>"; };
		05DCE9812B8B386300A6A047 /* ExerciseParams.swift */ = {isa = PBXFileReference; lastKnownFileType = sourcecode.swift; path = ExerciseParams.swift; sourceTree = "<group>"; };
		05DCE9842B8B389000A6A047 /* ExerciseParamsOverride.swift */ = {isa = PBXFileReference; lastKnownFileType = sourcecode.swift; path = ExerciseParamsOverride.swift; sourceTree = "<group>"; };
		05DCE9872B8B38F800A6A047 /* ExerciseOverrideChain.swift */ = {isa = PBXFileReference; lastKnownFileType = sourcecode.swift; path = ExerciseOverrideChain.swift; sourceTree = "<group>"; };
		05DCE98A2B8B392500A6A047 /* Training.swift */ = {isa = PBXFileReference; lastKnownFileType = sourcecode.swift; path = Training.swift; sourceTree = "<group>"; };
		05F1F4402B35A670006BB9A0 /* StopwatchTimeView.swift */ = {isa = PBXFileReference; lastKnownFileType = sourcecode.swift; path = StopwatchTimeView.swift; sourceTree = "<group>"; };
		05F5968A2AF3DE320078A725 /* ExerciseListItem.swift */ = {isa = PBXFileReference; lastKnownFileType = sourcecode.swift; path = ExerciseListItem.swift; sourceTree = "<group>"; };
/* End PBXFileReference section */

/* Begin PBXFrameworksBuildPhase section */
		0577BCC62ADDC43A000991CD /* Frameworks */ = {
			isa = PBXFrameworksBuildPhase;
			buildActionMask = 2147483647;
			files = (
			);
			runOnlyForDeploymentPostprocessing = 0;
		};
		0577BCDD2ADDC806000991CD /* Frameworks */ = {
			isa = PBXFrameworksBuildPhase;
			buildActionMask = 2147483647;
			files = (
				0577BCE52ADDC806000991CD /* SwiftUI.framework in Frameworks */,
				0577BCE32ADDC806000991CD /* WidgetKit.framework in Frameworks */,
			);
			runOnlyForDeploymentPostprocessing = 0;
		};
/* End PBXFrameworksBuildPhase section */

/* Begin PBXGroup section */
		052B399D2B74B25400B1E96E /* DataStructures */ = {
			isa = PBXGroup;
			children = (
				0521C9442AED63CD00FB7BBE /* AdditionalExtensions.swift */,
				052B39BA2B74B5B500B1E96E /* ChartColors.swift */,
				0568928A2AE08011002084C9 /* ErrorWrapper.swift */,
				059C1E4D2ADEDBF300547627 /* FitnessStopwatch.swift */,
				0519A12F2B1B524E000E7D2C /* FitnessStopwatch2.swift */,
				052B39C52B74B68D00B1E96E /* HashEqCod.swift */,
				052B399E2B74B26500B1E96E /* OldTraining.swift */,
				05DCE98A2B8B392500A6A047 /* Training.swift */,
				056892882AE07ED5002084C9 /* OldTrainingStore.swift */,
				052B39C82B74B70200B1E96E /* Definitions */,
				052B39BC2B74B5D200B1E96E /* ExerciseParamsUpdate */,
				052B39C72B74B6CE00B1E96E /* TrainingData */,
			);
			path = DataStructures;
			sourceTree = "<group>";
		};
		052B39BC2B74B5D200B1E96E /* ExerciseParamsUpdate */ = {
			isa = PBXGroup;
			children = (
				052B39BD2B74B5EA00B1E96E /* ExerciseParamsUpdateType.swift */,
				052B39BF2B74B60100B1E96E /* OldExerciseParamsUpdate.swift */,
				052B39C12B74B62D00B1E96E /* OldExerciseParamsChangeAction.swift */,
				052B39C32B74B65100B1E96E /* OldIncreaseWeightAction.swift */,
			);
			path = ExerciseParamsUpdate;
			sourceTree = "<group>";
		};
		052B39C72B74B6CE00B1E96E /* TrainingData */ = {
			isa = PBXGroup;
			children = (
				052B39B42B74B52700B1E96E /* OldTrainingSession.swift */,
				052B39B62B74B55600B1E96E /* OldExercise.swift */,
				052B39B82B74B55D00B1E96E /* OldSet.swift */,
				05D13BF12B8AA4160088221B /* Set.swift */,
				05D13BF42B8AA4660088221B /* Exercise.swift */,
				05D13BF72B8AA55B0088221B /* TrainingSession.swift */,
			);
			path = TrainingData;
			sourceTree = "<group>";
		};
		052B39C82B74B70200B1E96E /* Definitions */ = {
			isa = PBXGroup;
			children = (
				052B39A42B74B3A000B1E96E /* ParamField.swift */,
				052B39A22B74B36A00B1E96E /* OldExerciseParamsOverride.swift */,
				05DCE9842B8B389000A6A047 /* ExerciseParamsOverride.swift */,
				052B39A02B74B33000B1E96E /* OldExerciseParams.swift */,
				05DCE9812B8B386300A6A047 /* ExerciseParams.swift */,
				052B39A62B74B3B500B1E96E /* OldExerciseOverrideChain.swift */,
				05DCE9872B8B38F800A6A047 /* ExerciseOverrideChain.swift */,
				052B39A82B74B3EF00B1E96E /* OldExerciseDefinition.swift */,
				05DCE97E2B8B362400A6A047 /* ExerciseDefinition.swift */,
				052B39AA2B74B43F00B1E96E /* OldSetDefinition.swift */,
				05DCE9722B8B346C00A6A047 /* SetDefinition.swift */,
				052B39AC2B74B46800B1E96E /* OldSetDefinitionOverride.swift */,
				05DCE97B2B8B357F00A6A047 /* SetDefinitionOverride.swift */,
				052B39AE2B74B49100B1E96E /* OldPossibleWeights.swift */,
				05DCE9782B8B351900A6A047 /* PossibleWeights.swift */,
				052B39B02B74B4DC00B1E96E /* OldPauseBehaviour.swift */,
				05DCE9752B8B349300A6A047 /* PauseBehaviour.swift */,
				052B39B22B74B4F400B1E96E /* PauseMode.swift */,
			);
			path = Definitions;
			sourceTree = "<group>";
		};
		052B39C92B74B74300B1E96E /* Views */ = {
			isa = PBXGroup;
			children = (
				052B39CE2B76191900B1E96E /* OtherViews */,
				052B39CC2B74B76300B1E96E /* ReusableViews */,
				052B39CB2B74B75400B1E96E /* SubViews */,
				052B39CA2B74B74C00B1E96E /* MainViews */,
			);
			path = Views;
			sourceTree = "<group>";
		};
		052B39CA2B74B74C00B1E96E /* MainViews */ = {
			isa = PBXGroup;
			children = (
				0521C9302AED0CC300FB7BBE /* ExerciseParamsEditView.swift */,
				059B6E6A2AEA4E0600156FDA /* ExerciseEditView.swift */,
				051118062AE3F8E200A676D4 /* SetDefinitionEditView.swift */,
				0521C9382AED29D200FB7BBE /* SetDefinitionOverrideEditView.swift */,
				0521C9342AED295700FB7BBE /* ExerciseParamsOverrideEditView.swift */,
				0577BCCE2ADDC43A000991CD /* StartView.swift */,
				0577BCDA2ADDC664000991CD /* ActiveTrainingView.swift */,
				0519A12D2B1B4B6A000E7D2C /* ActiveTrainingView2.swift */,
				0568928C2AE08027002084C9 /* ErrorView.swift */,
				0506D6022ADF2E470010D956 /* SessionView.swift */,
				05D1D5A92AF40C8A00BCEDE5 /* StatsView.swift */,
				05C50B882ADF0458008E6AAB /* TrainingDetailView.swift */,
				0568928E2AE08381002084C9 /* TrainingEditView.swift */,
				05D1D5AB2AF40CC800BCEDE5 /* TrainingStatsView.swift */,
				05C50B842ADEFBAB008E6AAB /* TrainingsView.swift */,
				059B6E6E2AEA66FE00156FDA /* NewExerciseView.swift */,
				056892942AE09B46002084C9 /* NewTrainingSheet.swift */,
				05C6E41B2B60141600343C58 /* UpdateTargetsView.swift */,
			);
			path = MainViews;
			sourceTree = "<group>";
		};
		052B39CB2B74B75400B1E96E /* SubViews */ = {
			isa = PBXGroup;
			children = (
				0521C93C2AED34E700FB7BBE /* WeightStagePicker.swift */,
				0521C9322AED0FCB00FB7BBE /* PossibleWeightsEditView.swift */,
				0521C93A2AED2AC800FB7BBE /* PauseBehaviourEditView.swift */,
				0579D5AF2AE2663A00E25002 /* RepSubmitButton.swift */,
				05BEB0192AF689EF00C34B70 /* ExerciseChart.swift */,
				0515F6F62ADDDB1900F11D3C /* SelectableRepsView.swift */,
				05F1F4402B35A670006BB9A0 /* StopwatchTimeView.swift */,
			);
			path = SubViews;
			sourceTree = "<group>";
		};
		052B39CC2B74B76300B1E96E /* ReusableViews */ = {
			isa = PBXGroup;
			children = (
				05F5968A2AF3DE320078A725 /* ExerciseListItem.swift */,
				052B7ABB2ADDCFFC00B907EC /* ValueDescriptionAbove.swift */,
				0506D6042ADF3A580010D956 /* ValueDescriptionBelow.swift */,
				0506A5BD2AEFB2DA008B527A /* SimpleSetRow.swift */,
				05C50B862ADEFDF5008E6AAB /* TrainingListItem.swift */,
				052B47822AE2F45000A58757 /* DoublePickerView.swift */,
				051118022AE3E90300A676D4 /* NumberTextField.swift */,
				0521C93E2AED3B3D00FB7BBE /* OptionalPauseBehaviourEditView.swift */,
				0521C9402AED3E1000FB7BBE /* OptionalPossibleWeightsEditView.swift */,
				0521C9422AED3EB400FB7BBE /* OptionalWeightStagePicker.swift */,
				051751572AE585BB009A88B2 /* PartialRing.swift */,
				056892922AE08E09002084C9 /* SliderStepperView.swift */,
				05CA21F72AE13AA300DC9A96 /* InfoField.swift */,
				052B47802AE2F22800A58757 /* IntPickerView.swift */,
				056B102F2AE3FE7E00FE80EC /* IntTextField.swift */,
				0548EE9C2B761C0A00636060 /* LinePointMark.swift */,
			);
			path = ReusableViews;
			sourceTree = "<group>";
		};
		052B39CE2B76191900B1E96E /* OtherViews */ = {
			isa = PBXGroup;
			children = (
				05A430692B18963800832072 /* TestView.swift */,
			);
			path = OtherViews;
			sourceTree = "<group>";
		};
		0577BCC02ADDC43A000991CD = {
			isa = PBXGroup;
			children = (
				052B399D2B74B25400B1E96E /* DataStructures */,
				0577BCE62ADDC806000991CD /* FitnessLiveActivity */,
				0577BCCB2ADDC43A000991CD /* FitnessTracker */,
				0577BCE12ADDC806000991CD /* Frameworks */,
				0577BCCA2ADDC43A000991CD /* Products */,
				052B39C92B74B74300B1E96E /* Views */,
			);
			sourceTree = "<group>";
		};
		0577BCCA2ADDC43A000991CD /* Products */ = {
			isa = PBXGroup;
			children = (
				0577BCC92ADDC43A000991CD /* FitnessTracker.app */,
				0577BCE02ADDC806000991CD /* FitnessLiveActivityExtension.appex */,
			);
			name = Products;
			sourceTree = "<group>";
		};
		0577BCCB2ADDC43A000991CD /* FitnessTracker */ = {
			isa = PBXGroup;
			children = (
				0579A8FB2AE59B7400ABDC27 /* Info.plist */,
				0577BCCC2ADDC43A000991CD /* FitnessTrackerApp.swift */,
				0577BCD02ADDC43F000991CD /* Assets.xcassets */,
				0577BCD22ADDC43F000991CD /* Preview Content */,
			);
			path = FitnessTracker;
			sourceTree = "<group>";
		};
		0577BCD22ADDC43F000991CD /* Preview Content */ = {
			isa = PBXGroup;
			children = (
				0577BCD32ADDC43F000991CD /* Preview Assets.xcassets */,
			);
			path = "Preview Content";
			sourceTree = "<group>";
		};
		0577BCE12ADDC806000991CD /* Frameworks */ = {
			isa = PBXGroup;
			children = (
				0577BCE22ADDC806000991CD /* WidgetKit.framework */,
				0577BCE42ADDC806000991CD /* SwiftUI.framework */,
			);
			name = Frameworks;
			sourceTree = "<group>";
		};
		0577BCE62ADDC806000991CD /* FitnessLiveActivity */ = {
			isa = PBXGroup;
			children = (
				0577BCE72ADDC806000991CD /* FitnessWidgetBundle.swift */,
				0577BCE92ADDC806000991CD /* FitnessWidgetLiveActivity.swift */,
				05C90B8B2ADDCC9C0091F51E /* AppIntent.swift */,
				0577BCEB2ADDC806000991CD /* FitnessWidget.swift */,
				0577BCED2ADDC809000991CD /* Assets.xcassets */,
				0577BCEF2ADDC809000991CD /* Info.plist */,
			);
			path = FitnessLiveActivity;
			sourceTree = "<group>";
		};
/* End PBXGroup section */

/* Begin PBXNativeTarget section */
		0577BCC82ADDC43A000991CD /* FitnessTracker */ = {
			isa = PBXNativeTarget;
			buildConfigurationList = 0577BCD72ADDC43F000991CD /* Build configuration list for PBXNativeTarget "FitnessTracker" */;
			buildPhases = (
				0577BCC52ADDC43A000991CD /* Sources */,
				0577BCC62ADDC43A000991CD /* Frameworks */,
				0577BCC72ADDC43A000991CD /* Resources */,
				0577BCF62ADDC809000991CD /* Embed Foundation Extensions */,
			);
			buildRules = (
			);
			dependencies = (
				0577BCF12ADDC809000991CD /* PBXTargetDependency */,
			);
			name = FitnessTracker;
			productName = FitnessTracker;
			productReference = 0577BCC92ADDC43A000991CD /* FitnessTracker.app */;
			productType = "com.apple.product-type.application";
		};
		0577BCDF2ADDC806000991CD /* FitnessLiveActivityExtension */ = {
			isa = PBXNativeTarget;
			buildConfigurationList = 0577BCF32ADDC809000991CD /* Build configuration list for PBXNativeTarget "FitnessLiveActivityExtension" */;
			buildPhases = (
				0577BCDC2ADDC806000991CD /* Sources */,
				0577BCDD2ADDC806000991CD /* Frameworks */,
				0577BCDE2ADDC806000991CD /* Resources */,
			);
			buildRules = (
			);
			dependencies = (
			);
			name = FitnessLiveActivityExtension;
			productName = FitnessLiveActivityExtension;
			productReference = 0577BCE02ADDC806000991CD /* FitnessLiveActivityExtension.appex */;
			productType = "com.apple.product-type.app-extension";
		};
/* End PBXNativeTarget section */

/* Begin PBXProject section */
		0577BCC12ADDC43A000991CD /* Project object */ = {
			isa = PBXProject;
			attributes = {
				BuildIndependentTargetsInParallel = 1;
				LastSwiftUpdateCheck = 1500;
				LastUpgradeCheck = 1500;
				TargetAttributes = {
					0577BCC82ADDC43A000991CD = {
						CreatedOnToolsVersion = 15.0;
					};
					0577BCDF2ADDC806000991CD = {
						CreatedOnToolsVersion = 15.0;
					};
				};
			};
			buildConfigurationList = 0577BCC42ADDC43A000991CD /* Build configuration list for PBXProject "FitnessTracker" */;
			compatibilityVersion = "Xcode 14.0";
			developmentRegion = en;
			hasScannedForEncodings = 0;
			knownRegions = (
				en,
				Base,
			);
			mainGroup = 0577BCC02ADDC43A000991CD;
			packageReferences = (
			);
			productRefGroup = 0577BCCA2ADDC43A000991CD /* Products */;
			projectDirPath = "";
			projectRoot = "";
			targets = (
				0577BCC82ADDC43A000991CD /* FitnessTracker */,
				0577BCDF2ADDC806000991CD /* FitnessLiveActivityExtension */,
			);
		};
/* End PBXProject section */

/* Begin PBXResourcesBuildPhase section */
		0577BCC72ADDC43A000991CD /* Resources */ = {
			isa = PBXResourcesBuildPhase;
			buildActionMask = 2147483647;
			files = (
				0577BCD42ADDC43F000991CD /* Preview Assets.xcassets in Resources */,
				0577BCD12ADDC43F000991CD /* Assets.xcassets in Resources */,
			);
			runOnlyForDeploymentPostprocessing = 0;
		};
		0577BCDE2ADDC806000991CD /* Resources */ = {
			isa = PBXResourcesBuildPhase;
			buildActionMask = 2147483647;
			files = (
				0577BCEE2ADDC809000991CD /* Assets.xcassets in Resources */,
			);
			runOnlyForDeploymentPostprocessing = 0;
		};
/* End PBXResourcesBuildPhase section */

/* Begin PBXSourcesBuildPhase section */
		0577BCC52ADDC43A000991CD /* Sources */ = {
			isa = PBXSourcesBuildPhase;
			buildActionMask = 2147483647;
			files = (
				052B39B12B74B4DC00B1E96E /* OldPauseBehaviour.swift in Sources */,
				052B39BB2B74B5B500B1E96E /* ChartColors.swift in Sources */,
				052B39B92B74B55D00B1E96E /* OldSet.swift in Sources */,
				052B39A12B74B33000B1E96E /* OldExerciseParams.swift in Sources */,
				05DCE9792B8B351900A6A047 /* PossibleWeights.swift in Sources */,
				052B39AF2B74B49100B1E96E /* OldPossibleWeights.swift in Sources */,
				052B7ABC2ADDCFFC00B907EC /* ValueDescriptionAbove.swift in Sources */,
				052B39A72B74B3B500B1E96E /* OldExerciseOverrideChain.swift in Sources */,
				05F5968B2AF3DE320078A725 /* ExerciseListItem.swift in Sources */,
				051118032AE3E90300A676D4 /* NumberTextField.swift in Sources */,
				0521C9332AED0FCB00FB7BBE /* PossibleWeightsEditView.swift in Sources */,
				052B39C42B74B65100B1E96E /* OldIncreaseWeightAction.swift in Sources */,
				05C6E41C2B60141600343C58 /* UpdateTargetsView.swift in Sources */,
				05D13BF82B8AA55B0088221B /* TrainingSession.swift in Sources */,
				056B10302AE3FE7E00FE80EC /* IntTextField.swift in Sources */,
				05DCE9822B8B386300A6A047 /* ExerciseParams.swift in Sources */,
				0519A1302B1B524E000E7D2C /* FitnessStopwatch2.swift in Sources */,
				0568928F2AE08381002084C9 /* TrainingEditView.swift in Sources */,
				0506D6052ADF3A580010D956 /* ValueDescriptionBelow.swift in Sources */,
				05DCE97C2B8B357F00A6A047 /* SetDefinitionOverride.swift in Sources */,
				05F1F4412B35A670006BB9A0 /* StopwatchTimeView.swift in Sources */,
				05D13BF52B8AA4660088221B /* Exercise.swift in Sources */,
				05BEB01A2AF689EF00C34B70 /* ExerciseChart.swift in Sources */,
				052B39B72B74B55600B1E96E /* OldExercise.swift in Sources */,
				0506A5BE2AEFB2DA008B527A /* SimpleSetRow.swift in Sources */,
				05C50B872ADEFDF5008E6AAB /* TrainingListItem.swift in Sources */,
				0521C9452AED63CD00FB7BBE /* AdditionalExtensions.swift in Sources */,
				052B39BE2B74B5EA00B1E96E /* ExerciseParamsUpdateType.swift in Sources */,
				052B39A92B74B3EF00B1E96E /* OldExerciseDefinition.swift in Sources */,
				0568928D2AE08027002084C9 /* ErrorView.swift in Sources */,
				05CA21F82AE13AA300DC9A96 /* InfoField.swift in Sources */,
				05DCE9762B8B349300A6A047 /* PauseBehaviour.swift in Sources */,
				052B39B52B74B52700B1E96E /* OldTrainingSession.swift in Sources */,
				0579D5B02AE2663A00E25002 /* RepSubmitButton.swift in Sources */,
				05DCE9882B8B38F800A6A047 /* ExerciseOverrideChain.swift in Sources */,
				059B6E6B2AEA4E0600156FDA /* ExerciseEditView.swift in Sources */,
				05DCE9852B8B389000A6A047 /* ExerciseParamsOverride.swift in Sources */,
				0521C9432AED3EB400FB7BBE /* OptionalWeightStagePicker.swift in Sources */,
				052B39C22B74B62D00B1E96E /* OldExerciseParamsChangeAction.swift in Sources */,
				052B39AD2B74B46800B1E96E /* OldSetDefinitionOverride.swift in Sources */,
				051118072AE3F8E200A676D4 /* SetDefinitionEditView.swift in Sources */,
				0521C93F2AED3B3D00FB7BBE /* OptionalPauseBehaviourEditView.swift in Sources */,
				05D1D5AA2AF40C8A00BCEDE5 /* StatsView.swift in Sources */,
				052B39AB2B74B43F00B1E96E /* OldSetDefinition.swift in Sources */,
				056892892AE07ED5002084C9 /* OldTrainingStore.swift in Sources */,
				052B399F2B74B26500B1E96E /* OldTraining.swift in Sources */,
				052B39A32B74B36A00B1E96E /* OldExerciseParamsOverride.swift in Sources */,
				05C50B852ADEFBAB008E6AAB /* TrainingsView.swift in Sources */,
				051751582AE585BB009A88B2 /* PartialRing.swift in Sources */,
				05DCE9732B8B346C00A6A047 /* SetDefinition.swift in Sources */,
				0521C9392AED29D200FB7BBE /* SetDefinitionOverrideEditView.swift in Sources */,
				0577BCDB2ADDC664000991CD /* ActiveTrainingView.swift in Sources */,
				0515F6F72ADDDB1900F11D3C /* SelectableRepsView.swift in Sources */,
				0521C9412AED3E1000FB7BBE /* OptionalPossibleWeightsEditView.swift in Sources */,
				052B39A52B74B3A000B1E96E /* ParamField.swift in Sources */,
				05A4306A2B18963800832072 /* TestView.swift in Sources */,
				0568928B2AE08011002084C9 /* ErrorWrapper.swift in Sources */,
				05D13BF22B8AA4160088221B /* Set.swift in Sources */,
				0521C9312AED0CC300FB7BBE /* ExerciseParamsEditView.swift in Sources */,
				059B6E6F2AEA66FE00156FDA /* NewExerciseView.swift in Sources */,
				052B39B32B74B4F400B1E96E /* PauseMode.swift in Sources */,
				0506D6032ADF2E470010D956 /* SessionView.swift in Sources */,
				059C1E4E2ADEDBF300547627 /* FitnessStopwatch.swift in Sources */,
				05C90B8C2ADDCC9C0091F51E /* AppIntent.swift in Sources */,
				056892952AE09B46002084C9 /* NewTrainingSheet.swift in Sources */,
				0521C9352AED295700FB7BBE /* ExerciseParamsOverrideEditView.swift in Sources */,
				052B39C62B74B68D00B1E96E /* HashEqCod.swift in Sources */,
				0548EE9D2B761C0A00636060 /* LinePointMark.swift in Sources */,
				0521C93B2AED2AC800FB7BBE /* PauseBehaviourEditView.swift in Sources */,
				056892932AE08E09002084C9 /* SliderStepperView.swift in Sources */,
				0577BCCF2ADDC43A000991CD /* StartView.swift in Sources */,
				05C50B892ADF0458008E6AAB /* TrainingDetailView.swift in Sources */,
				0577BCCD2ADDC43A000991CD /* FitnessTrackerApp.swift in Sources */,
				052B47812AE2F22800A58757 /* IntPickerView.swift in Sources */,
				0521C93D2AED34E700FB7BBE /* WeightStagePicker.swift in Sources */,
				05D1D5AC2AF40CC800BCEDE5 /* TrainingStatsView.swift in Sources */,
				0519A12E2B1B4B6A000E7D2C /* ActiveTrainingView2.swift in Sources */,
				05DCE97F2B8B362400A6A047 /* ExerciseDefinition.swift in Sources */,
				052B47832AE2F45000A58757 /* DoublePickerView.swift in Sources */,
				05B332C12AF117E7005BD011 /* FitnessWidgetLiveActivity.swift in Sources */,
				052B39C02B74B60100B1E96E /* OldExerciseParamsUpdate.swift in Sources */,
				05DCE98B2B8B392500A6A047 /* Training.swift in Sources */,
			);
			runOnlyForDeploymentPostprocessing = 0;
		};
		0577BCDC2ADDC806000991CD /* Sources */ = {
			isa = PBXSourcesBuildPhase;
			buildActionMask = 2147483647;
			files = (
				05DCE98C2B8B392500A6A047 /* Training.swift in Sources */,
				05DCE97A2B8B351900A6A047 /* PossibleWeights.swift in Sources */,
				0548EEB32B761EA600636060 /* OldExerciseParamsOverride.swift in Sources */,
				0548EEAA2B761EA600636060 /* OldTrainingSession.swift in Sources */,
				05DCE9742B8B346C00A6A047 /* SetDefinition.swift in Sources */,
				0548EEA42B761EA600636060 /* ExerciseParamsUpdateType.swift in Sources */,
				0577BCEC2ADDC806000991CD /* FitnessWidget.swift in Sources */,
				0548EEB82B761EB400636060 /* ValueDescriptionAbove.swift in Sources */,
				0548EEA72B761EA600636060 /* HashEqCod.swift in Sources */,
				0515F6F82ADDDB1900F11D3C /* SelectableRepsView.swift in Sources */,
				0548EEB72B761EA600636060 /* ParamField.swift in Sources */,
				0548EEAE2B761EA600636060 /* OldExercise.swift in Sources */,
				05DCE9832B8B386300A6A047 /* ExerciseParams.swift in Sources */,
				05DCE9772B8B349300A6A047 /* PauseBehaviour.swift in Sources */,
				0548EEA22B761E5D00636060 /* FitnessStopwatch.swift in Sources */,
				0548EEB92B761EB800636060 /* ValueDescriptionBelow.swift in Sources */,
				05DCE9862B8B389000A6A047 /* ExerciseParamsOverride.swift in Sources */,
				05C90B8D2ADDCC9C0091F51E /* AppIntent.swift in Sources */,
				0548EEAC2B761EA600636060 /* OldTraining.swift in Sources */,
				0548EEB52B761EA600636060 /* OldPauseBehaviour.swift in Sources */,
				05DCE9892B8B38F800A6A047 /* ExerciseOverrideChain.swift in Sources */,
				0577BCEA2ADDC806000991CD /* FitnessWidgetLiveActivity.swift in Sources */,
				0548EEB62B761EA600636060 /* OldExerciseDefinition.swift in Sources */,
				05D13BF92B8AA55B0088221B /* TrainingSession.swift in Sources */,
				05D13BF32B8AA4160088221B /* Set.swift in Sources */,
				05D13BF62B8AA4660088221B /* Exercise.swift in Sources */,
				05F1F4422B35A670006BB9A0 /* StopwatchTimeView.swift in Sources */,
				0548EEB12B761EA600636060 /* OldPossibleWeights.swift in Sources */,
				0548EEAF2B761EA600636060 /* OldExerciseParamsUpdate.swift in Sources */,
				0548EEA52B761EA600636060 /* OldSetDefinitionOverride.swift in Sources */,
				0548EEB22B761EA600636060 /* OldExerciseParamsChangeAction.swift in Sources */,
				0577BCE82ADDC806000991CD /* FitnessWidgetBundle.swift in Sources */,
				0548EEA62B761EA600636060 /* FitnessStopwatch2.swift in Sources */,
				0548EEA92B761EA600636060 /* OldExerciseParams.swift in Sources */,
				0548EEAD2B761EA600636060 /* OldSet.swift in Sources */,
				0548EEA82B761EA600636060 /* PauseMode.swift in Sources */,
				0548EEB42B761EA600636060 /* OldExerciseOverrideChain.swift in Sources */,
				0548EEA32B761E8200636060 /* AdditionalExtensions.swift in Sources */,
				0548EEB02B761EA600636060 /* OldSetDefinition.swift in Sources */,
				05DCE9802B8B362400A6A047 /* ExerciseDefinition.swift in Sources */,
				0548EEAB2B761EA600636060 /* OldIncreaseWeightAction.swift in Sources */,
				0579D5B12AE2663A00E25002 /* RepSubmitButton.swift in Sources */,
				05DCE97D2B8B357F00A6A047 /* SetDefinitionOverride.swift in Sources */,
			);
			runOnlyForDeploymentPostprocessing = 0;
		};
/* End PBXSourcesBuildPhase section */

/* Begin PBXTargetDependency section */
		0577BCF12ADDC809000991CD /* PBXTargetDependency */ = {
			isa = PBXTargetDependency;
			target = 0577BCDF2ADDC806000991CD /* FitnessLiveActivityExtension */;
			targetProxy = 0577BCF02ADDC809000991CD /* PBXContainerItemProxy */;
		};
/* End PBXTargetDependency section */

/* Begin XCBuildConfiguration section */
		0577BCD52ADDC43F000991CD /* Debug */ = {
			isa = XCBuildConfiguration;
			buildSettings = {
				ALWAYS_SEARCH_USER_PATHS = NO;
				ASSETCATALOG_COMPILER_GENERATE_SWIFT_ASSET_SYMBOL_EXTENSIONS = YES;
				ASSETCATALOG_COMPILER_GLOBAL_ACCENT_COLOR_NAME = AccentColor;
				CLANG_ANALYZER_NONNULL = YES;
				CLANG_ANALYZER_NUMBER_OBJECT_CONVERSION = YES_AGGRESSIVE;
				CLANG_CXX_LANGUAGE_STANDARD = "gnu++20";
				CLANG_ENABLE_MODULES = YES;
				CLANG_ENABLE_OBJC_ARC = YES;
				CLANG_ENABLE_OBJC_WEAK = YES;
				CLANG_WARN_BLOCK_CAPTURE_AUTORELEASING = YES;
				CLANG_WARN_BOOL_CONVERSION = YES;
				CLANG_WARN_COMMA = YES;
				CLANG_WARN_CONSTANT_CONVERSION = YES;
				CLANG_WARN_DEPRECATED_OBJC_IMPLEMENTATIONS = YES;
				CLANG_WARN_DIRECT_OBJC_ISA_USAGE = YES_ERROR;
				CLANG_WARN_DOCUMENTATION_COMMENTS = YES;
				CLANG_WARN_EMPTY_BODY = YES;
				CLANG_WARN_ENUM_CONVERSION = YES;
				CLANG_WARN_INFINITE_RECURSION = YES;
				CLANG_WARN_INT_CONVERSION = YES;
				CLANG_WARN_NON_LITERAL_NULL_CONVERSION = YES;
				CLANG_WARN_OBJC_IMPLICIT_RETAIN_SELF = YES;
				CLANG_WARN_OBJC_LITERAL_CONVERSION = YES;
				CLANG_WARN_OBJC_ROOT_CLASS = YES_ERROR;
				CLANG_WARN_QUOTED_INCLUDE_IN_FRAMEWORK_HEADER = YES;
				CLANG_WARN_RANGE_LOOP_ANALYSIS = YES;
				CLANG_WARN_STRICT_PROTOTYPES = YES;
				CLANG_WARN_SUSPICIOUS_MOVE = YES;
				CLANG_WARN_UNGUARDED_AVAILABILITY = YES_AGGRESSIVE;
				CLANG_WARN_UNREACHABLE_CODE = YES;
				CLANG_WARN__DUPLICATE_METHOD_MATCH = YES;
				COPY_PHASE_STRIP = NO;
				DEBUG_INFORMATION_FORMAT = dwarf;
				ENABLE_STRICT_OBJC_MSGSEND = YES;
				ENABLE_TESTABILITY = YES;
				ENABLE_USER_SCRIPT_SANDBOXING = YES;
				GCC_C_LANGUAGE_STANDARD = gnu17;
				GCC_DYNAMIC_NO_PIC = NO;
				GCC_NO_COMMON_BLOCKS = YES;
				GCC_OPTIMIZATION_LEVEL = 0;
				GCC_PREPROCESSOR_DEFINITIONS = (
					"DEBUG=1",
					"$(inherited)",
				);
				GCC_WARN_64_TO_32_BIT_CONVERSION = YES;
				GCC_WARN_ABOUT_RETURN_TYPE = YES_ERROR;
				GCC_WARN_UNDECLARED_SELECTOR = YES;
				GCC_WARN_UNINITIALIZED_AUTOS = YES_AGGRESSIVE;
				GCC_WARN_UNUSED_FUNCTION = YES;
				GCC_WARN_UNUSED_VARIABLE = YES;
				IPHONEOS_DEPLOYMENT_TARGET = 17.0;
				LOCALIZATION_PREFERS_STRING_CATALOGS = YES;
				MTL_ENABLE_DEBUG_INFO = INCLUDE_SOURCE;
				MTL_FAST_MATH = YES;
				ONLY_ACTIVE_ARCH = YES;
				SDKROOT = iphoneos;
				SWIFT_ACTIVE_COMPILATION_CONDITIONS = "DEBUG $(inherited)";
				SWIFT_OPTIMIZATION_LEVEL = "-Onone";
			};
			name = Debug;
		};
		0577BCD62ADDC43F000991CD /* Release */ = {
			isa = XCBuildConfiguration;
			buildSettings = {
				ALWAYS_SEARCH_USER_PATHS = NO;
				ASSETCATALOG_COMPILER_GENERATE_SWIFT_ASSET_SYMBOL_EXTENSIONS = YES;
				ASSETCATALOG_COMPILER_GLOBAL_ACCENT_COLOR_NAME = AccentColor;
				CLANG_ANALYZER_NONNULL = YES;
				CLANG_ANALYZER_NUMBER_OBJECT_CONVERSION = YES_AGGRESSIVE;
				CLANG_CXX_LANGUAGE_STANDARD = "gnu++20";
				CLANG_ENABLE_MODULES = YES;
				CLANG_ENABLE_OBJC_ARC = YES;
				CLANG_ENABLE_OBJC_WEAK = YES;
				CLANG_WARN_BLOCK_CAPTURE_AUTORELEASING = YES;
				CLANG_WARN_BOOL_CONVERSION = YES;
				CLANG_WARN_COMMA = YES;
				CLANG_WARN_CONSTANT_CONVERSION = YES;
				CLANG_WARN_DEPRECATED_OBJC_IMPLEMENTATIONS = YES;
				CLANG_WARN_DIRECT_OBJC_ISA_USAGE = YES_ERROR;
				CLANG_WARN_DOCUMENTATION_COMMENTS = YES;
				CLANG_WARN_EMPTY_BODY = YES;
				CLANG_WARN_ENUM_CONVERSION = YES;
				CLANG_WARN_INFINITE_RECURSION = YES;
				CLANG_WARN_INT_CONVERSION = YES;
				CLANG_WARN_NON_LITERAL_NULL_CONVERSION = YES;
				CLANG_WARN_OBJC_IMPLICIT_RETAIN_SELF = YES;
				CLANG_WARN_OBJC_LITERAL_CONVERSION = YES;
				CLANG_WARN_OBJC_ROOT_CLASS = YES_ERROR;
				CLANG_WARN_QUOTED_INCLUDE_IN_FRAMEWORK_HEADER = YES;
				CLANG_WARN_RANGE_LOOP_ANALYSIS = YES;
				CLANG_WARN_STRICT_PROTOTYPES = YES;
				CLANG_WARN_SUSPICIOUS_MOVE = YES;
				CLANG_WARN_UNGUARDED_AVAILABILITY = YES_AGGRESSIVE;
				CLANG_WARN_UNREACHABLE_CODE = YES;
				CLANG_WARN__DUPLICATE_METHOD_MATCH = YES;
				COPY_PHASE_STRIP = NO;
				DEBUG_INFORMATION_FORMAT = "dwarf-with-dsym";
				ENABLE_NS_ASSERTIONS = NO;
				ENABLE_STRICT_OBJC_MSGSEND = YES;
				ENABLE_USER_SCRIPT_SANDBOXING = YES;
				GCC_C_LANGUAGE_STANDARD = gnu17;
				GCC_NO_COMMON_BLOCKS = YES;
				GCC_WARN_64_TO_32_BIT_CONVERSION = YES;
				GCC_WARN_ABOUT_RETURN_TYPE = YES_ERROR;
				GCC_WARN_UNDECLARED_SELECTOR = YES;
				GCC_WARN_UNINITIALIZED_AUTOS = YES_AGGRESSIVE;
				GCC_WARN_UNUSED_FUNCTION = YES;
				GCC_WARN_UNUSED_VARIABLE = YES;
				IPHONEOS_DEPLOYMENT_TARGET = 17.0;
				LOCALIZATION_PREFERS_STRING_CATALOGS = YES;
				MTL_ENABLE_DEBUG_INFO = NO;
				MTL_FAST_MATH = YES;
				SDKROOT = iphoneos;
				SWIFT_COMPILATION_MODE = wholemodule;
				VALIDATE_PRODUCT = YES;
			};
			name = Release;
		};
		0577BCD82ADDC43F000991CD /* Debug */ = {
			isa = XCBuildConfiguration;
			buildSettings = {
				ALWAYS_EMBED_SWIFT_STANDARD_LIBRARIES = YES;
				ASSETCATALOG_COMPILER_APPICON_NAME = AppIcon;
				ASSETCATALOG_COMPILER_GLOBAL_ACCENT_COLOR_NAME = AccentColor;
				CODE_SIGN_STYLE = Automatic;
				CURRENT_PROJECT_VERSION = 1;
				DEVELOPMENT_ASSET_PATHS = "\"FitnessTracker/Preview Content\"";
				DEVELOPMENT_TEAM = MSH4HMCX4A;
				ENABLE_PREVIEWS = YES;
				GENERATE_INFOPLIST_FILE = YES;
				INFOPLIST_FILE = FitnessTracker/Info.plist;
				INFOPLIST_KEY_NSSupportsLiveActivities = YES;
				INFOPLIST_KEY_UIApplicationSceneManifest_Generation = YES;
				INFOPLIST_KEY_UIApplicationSupportsIndirectInputEvents = YES;
				INFOPLIST_KEY_UILaunchScreen_Generation = YES;
				INFOPLIST_KEY_UISupportedInterfaceOrientations_iPad = "UIInterfaceOrientationPortrait UIInterfaceOrientationPortraitUpsideDown UIInterfaceOrientationLandscapeLeft UIInterfaceOrientationLandscapeRight";
				INFOPLIST_KEY_UISupportedInterfaceOrientations_iPhone = "UIInterfaceOrientationPortrait UIInterfaceOrientationLandscapeLeft UIInterfaceOrientationLandscapeRight";
				LD_RUNPATH_SEARCH_PATHS = (
					"$(inherited)",
					"@executable_path/Frameworks",
				);
				MARKETING_VERSION = 1.0;
				PRODUCT_BUNDLE_IDENTIFIER = huschka.FitnessTracker;
				PRODUCT_NAME = "$(TARGET_NAME)";
				SWIFT_EMIT_LOC_STRINGS = YES;
				SWIFT_VERSION = 5.0;
				TARGETED_DEVICE_FAMILY = "1,2";
			};
			name = Debug;
		};
		0577BCD92ADDC43F000991CD /* Release */ = {
			isa = XCBuildConfiguration;
			buildSettings = {
				ALWAYS_EMBED_SWIFT_STANDARD_LIBRARIES = YES;
				ASSETCATALOG_COMPILER_APPICON_NAME = AppIcon;
				ASSETCATALOG_COMPILER_GLOBAL_ACCENT_COLOR_NAME = AccentColor;
				CODE_SIGN_STYLE = Automatic;
				CURRENT_PROJECT_VERSION = 1;
				DEVELOPMENT_ASSET_PATHS = "\"FitnessTracker/Preview Content\"";
				DEVELOPMENT_TEAM = MSH4HMCX4A;
				ENABLE_PREVIEWS = YES;
				GENERATE_INFOPLIST_FILE = YES;
				INFOPLIST_FILE = FitnessTracker/Info.plist;
				INFOPLIST_KEY_NSSupportsLiveActivities = YES;
				INFOPLIST_KEY_UIApplicationSceneManifest_Generation = YES;
				INFOPLIST_KEY_UIApplicationSupportsIndirectInputEvents = YES;
				INFOPLIST_KEY_UILaunchScreen_Generation = YES;
				INFOPLIST_KEY_UISupportedInterfaceOrientations_iPad = "UIInterfaceOrientationPortrait UIInterfaceOrientationPortraitUpsideDown UIInterfaceOrientationLandscapeLeft UIInterfaceOrientationLandscapeRight";
				INFOPLIST_KEY_UISupportedInterfaceOrientations_iPhone = "UIInterfaceOrientationPortrait UIInterfaceOrientationLandscapeLeft UIInterfaceOrientationLandscapeRight";
				LD_RUNPATH_SEARCH_PATHS = (
					"$(inherited)",
					"@executable_path/Frameworks",
				);
				MARKETING_VERSION = 1.0;
				PRODUCT_BUNDLE_IDENTIFIER = huschka.FitnessTracker;
				PRODUCT_NAME = "$(TARGET_NAME)";
				SWIFT_EMIT_LOC_STRINGS = YES;
				SWIFT_VERSION = 5.0;
				TARGETED_DEVICE_FAMILY = "1,2";
			};
			name = Release;
		};
		0577BCF42ADDC809000991CD /* Debug */ = {
			isa = XCBuildConfiguration;
			buildSettings = {
				ASSETCATALOG_COMPILER_GLOBAL_ACCENT_COLOR_NAME = AccentColor;
				ASSETCATALOG_COMPILER_WIDGET_BACKGROUND_COLOR_NAME = WidgetBackground;
				CODE_SIGN_STYLE = Automatic;
				CURRENT_PROJECT_VERSION = 1;
				DEVELOPMENT_TEAM = MSH4HMCX4A;
				GENERATE_INFOPLIST_FILE = YES;
				INFOPLIST_FILE = FitnessLiveActivity/Info.plist;
				INFOPLIST_KEY_CFBundleDisplayName = FitnessLiveActivity;
				INFOPLIST_KEY_NSHumanReadableCopyright = "";
				LD_RUNPATH_SEARCH_PATHS = (
					"$(inherited)",
					"@executable_path/Frameworks",
					"@executable_path/../../Frameworks",
				);
				MARKETING_VERSION = 1.0;
				PRODUCT_BUNDLE_IDENTIFIER = huschka.FitnessTracker.FitnessLiveActivity;
				PRODUCT_NAME = "$(TARGET_NAME)";
				SKIP_INSTALL = YES;
				SWIFT_EMIT_LOC_STRINGS = YES;
				SWIFT_VERSION = 5.0;
				TARGETED_DEVICE_FAMILY = "1,2";
			};
			name = Debug;
		};
		0577BCF52ADDC809000991CD /* Release */ = {
			isa = XCBuildConfiguration;
			buildSettings = {
				ASSETCATALOG_COMPILER_GLOBAL_ACCENT_COLOR_NAME = AccentColor;
				ASSETCATALOG_COMPILER_WIDGET_BACKGROUND_COLOR_NAME = WidgetBackground;
				CODE_SIGN_STYLE = Automatic;
				CURRENT_PROJECT_VERSION = 1;
				DEVELOPMENT_TEAM = MSH4HMCX4A;
				GENERATE_INFOPLIST_FILE = YES;
				INFOPLIST_FILE = FitnessLiveActivity/Info.plist;
				INFOPLIST_KEY_CFBundleDisplayName = FitnessLiveActivity;
				INFOPLIST_KEY_NSHumanReadableCopyright = "";
				LD_RUNPATH_SEARCH_PATHS = (
					"$(inherited)",
					"@executable_path/Frameworks",
					"@executable_path/../../Frameworks",
				);
				MARKETING_VERSION = 1.0;
				PRODUCT_BUNDLE_IDENTIFIER = huschka.FitnessTracker.FitnessLiveActivity;
				PRODUCT_NAME = "$(TARGET_NAME)";
				SKIP_INSTALL = YES;
				SWIFT_EMIT_LOC_STRINGS = YES;
				SWIFT_VERSION = 5.0;
				TARGETED_DEVICE_FAMILY = "1,2";
			};
			name = Release;
		};
/* End XCBuildConfiguration section */

/* Begin XCConfigurationList section */
		0577BCC42ADDC43A000991CD /* Build configuration list for PBXProject "FitnessTracker" */ = {
			isa = XCConfigurationList;
			buildConfigurations = (
				0577BCD52ADDC43F000991CD /* Debug */,
				0577BCD62ADDC43F000991CD /* Release */,
			);
			defaultConfigurationIsVisible = 0;
			defaultConfigurationName = Release;
		};
		0577BCD72ADDC43F000991CD /* Build configuration list for PBXNativeTarget "FitnessTracker" */ = {
			isa = XCConfigurationList;
			buildConfigurations = (
				0577BCD82ADDC43F000991CD /* Debug */,
				0577BCD92ADDC43F000991CD /* Release */,
			);
			defaultConfigurationIsVisible = 0;
			defaultConfigurationName = Release;
		};
		0577BCF32ADDC809000991CD /* Build configuration list for PBXNativeTarget "FitnessLiveActivityExtension" */ = {
			isa = XCConfigurationList;
			buildConfigurations = (
				0577BCF42ADDC809000991CD /* Debug */,
				0577BCF52ADDC809000991CD /* Release */,
			);
			defaultConfigurationIsVisible = 0;
			defaultConfigurationName = Release;
		};
/* End XCConfigurationList section */
	};
	rootObject = 0577BCC12ADDC43A000991CD /* Project object */;
}
